
Microsoft Visual Studio Solution File, Format Version 12.00
# Visual Studio Version 17
VisualStudioVersion = 17.13.35931.197
MinimumVisualStudioVersion = 10.0.40219.1
Project("{FAE04EC0-301F-11D3-BF4B-00C04F79EFBC}") = "OpenSuite.API", "OpenSuite.API\OpenSuite.API.csproj", "{332F91C3-3CA1-43D9-B6D2-53602D342FDF}"
EndProject
Project("{FAE04EC0-301F-11D3-BF4B-00C04F79EFBC}") = "Entidades", "Entidades\Entidades.csproj", "{4D013261-75B9-42CE-884E-A776915B2358}"
EndProject
Project("{FAE04EC0-301F-11D3-BF4B-00C04F79EFBC}") = "Negocio", "Negocio\Negocio.csproj", "{6CC2E389-7A97-4587-9F53-26DBA8265130}"
EndProject
Project("{FAE04EC0-301F-11D3-BF4B-00C04F79EFBC}") = "Datos", "Datos\Datos.csproj", "{F65EC784-AEFC-4BAD-93AA-77E1E1BDAA05}"
EndProject
Project("{FAE04EC0-301F-11D3-BF4B-00C04F79EFBC}") = "Shared", "Shared\Shared.csproj", "{D0A624AA-1434-4305-8136-77B3D3BF4E0F}"
EndProject
Global
	GlobalSection(SolutionConfigurationPlatforms) = preSolution
		Debug|Any CPU = Debug|Any CPU
		Release|Any CPU = Release|Any CPU
	EndGlobalSection
	GlobalSection(ProjectConfigurationPlatforms) = postSolution
		{332F91C3-3CA1-43D9-B6D2-53602D342FDF}.Debug|Any CPU.ActiveCfg = Debug|Any CPU
		{332F91C3-3CA1-43D9-B6D2-53602D342FDF}.Debug|Any CPU.Build.0 = Debug|Any CPU
		{332F91C3-3CA1-43D9-B6D2-53602D342FDF}.Release|Any CPU.ActiveCfg = Release|Any CPU
		{332F91C3-3CA1-43D9-B6D2-53602D342FDF}.Release|Any CPU.Build.0 = Release|Any CPU
		{4D013261-75B9-42CE-884E-A776915B2358}.Debug|Any CPU.ActiveCfg = Debug|Any CPU
		{4D013261-75B9-42CE-884E-A776915B2358}.Debug|Any CPU.Build.0 = Debug|Any CPU
		{4D013261-75B9-42CE-884E-A776915B2358}.Release|Any CPU.ActiveCfg = Release|Any CPU
		{4D013261-75B9-42CE-884E-A776915B2358}.Release|Any CPU.Build.0 = Release|Any CPU
		{6CC2E389-7A97-4587-9F53-26DBA8265130}.Debug|Any CPU.ActiveCfg = Debug|Any CPU
		{6CC2E389-7A97-4587-9F53-26DBA8265130}.Debug|Any CPU.Build.0 = Debug|Any CPU
		{6CC2E389-7A97-4587-9F53-26DBA8265130}.Release|Any CPU.ActiveCfg = Release|Any CPU
		{6CC2E389-7A97-4587-9F53-26DBA8265130}.Release|Any CPU.Build.0 = Release|Any CPU
		{F65EC784-AEFC-4BAD-93AA-77E1E1BDAA05}.Debug|Any CPU.ActiveCfg = Debug|Any CPU
		{F65EC784-AEFC-4BAD-93AA-77E1E1BDAA05}.Debug|Any CPU.Build.0 = Debug|Any CPU
		{F65EC784-AEFC-4BAD-93AA-77E1E1BDAA05}.Release|Any CPU.ActiveCfg = Release|Any CPU
		{F65EC784-AEFC-4BAD-93AA-77E1E1BDAA05}.Release|Any CPU.Build.0 = Release|Any CPU
		{D0A624AA-1434-4305-8136-77B3D3BF4E0F}.Debug|Any CPU.ActiveCfg = Debug|Any CPU
		{D0A624AA-1434-4305-8136-77B3D3BF4E0F}.Debug|Any CPU.Build.0 = Debug|Any CPU
		{D0A624AA-1434-4305-8136-77B3D3BF4E0F}.Release|Any CPU.ActiveCfg = Release|Any CPU
		{D0A624AA-1434-4305-8136-77B3D3BF4E0F}.Release|Any CPU.Build.0 = Release|Any CPU
	EndGlobalSection
	GlobalSection(SolutionProperties) = preSolution
		HideSolutionNode = FALSE
	EndGlobalSection
	GlobalSection(ExtensibilityGlobals) = postSolution
		SolutionGuid = {519DC7C0-D8FA-418A-A8D8-270AF86DB3B8}
	EndGlobalSection
EndGlobal
